
Microsoft Visual Studio Solution File, Format Version 12.00
# Visual Studio Version 17
VisualStudioVersion = 17.7.34024.191
MinimumVisualStudioVersion = 10.0.40219.1
Project("{9A19103F-16F7-4668-BE54-9A1E7A4F7556}") = "Expensy", "Expensy\Expensy.csproj", "{530136D1-5909-4E5F-8F13-226DE7C86D57}"
EndProject
Project("{9A19103F-16F7-4668-BE54-9A1E7A4F7556}") = "Expensy.Data", "Expensy.Data\Expensy.Data.csproj", "{11BC5A98-C114-4D4E-8134-AB64D73B5B7B}"
EndProject
Project("{9A19103F-16F7-4668-BE54-9A1E7A4F7556}") = "Expensy.Logic", "Expensy.Logic\Expensy.Logic.csproj", "{DA60A133-9ACC-462B-ABC2-0BFE62919F7E}"
EndProject
Project("{9A19103F-16F7-4668-BE54-9A1E7A4F7556}") = "Expensy.UnitTests", "Expensy.UnitTests\Expensy.UnitTests.csproj", "{B1868F92-DB2F-4395-84DB-B293D133EC27}"
EndProject
Project("{FAE04EC0-301F-11D3-BF4B-00C04F79EFBC}") = "Expensy.Interfaces", "Expensy.Interfaces\Expensy.Interfaces.csproj", "{FD076B58-F11A-4369-8319-72C1C9A78F23}"
EndProject
Global
	GlobalSection(SolutionConfigurationPlatforms) = preSolution
		Debug|Any CPU = Debug|Any CPU
		Release|Any CPU = Release|Any CPU
	EndGlobalSection
	GlobalSection(ProjectConfigurationPlatforms) = postSolution
		{530136D1-5909-4E5F-8F13-226DE7C86D57}.Debug|Any CPU.ActiveCfg = Debug|Any CPU
		{530136D1-5909-4E5F-8F13-226DE7C86D57}.Debug|Any CPU.Build.0 = Debug|Any CPU
		{530136D1-5909-4E5F-8F13-226DE7C86D57}.Release|Any CPU.ActiveCfg = Release|Any CPU
		{530136D1-5909-4E5F-8F13-226DE7C86D57}.Release|Any CPU.Build.0 = Release|Any CPU
		{11BC5A98-C114-4D4E-8134-AB64D73B5B7B}.Debug|Any CPU.ActiveCfg = Debug|Any CPU
		{11BC5A98-C114-4D4E-8134-AB64D73B5B7B}.Debug|Any CPU.Build.0 = Debug|Any CPU
		{11BC5A98-C114-4D4E-8134-AB64D73B5B7B}.Release|Any CPU.ActiveCfg = Release|Any CPU
		{11BC5A98-C114-4D4E-8134-AB64D73B5B7B}.Release|Any CPU.Build.0 = Release|Any CPU
		{DA60A133-9ACC-462B-ABC2-0BFE62919F7E}.Debug|Any CPU.ActiveCfg = Debug|Any CPU
		{DA60A133-9ACC-462B-ABC2-0BFE62919F7E}.Debug|Any CPU.Build.0 = Debug|Any CPU
		{DA60A133-9ACC-462B-ABC2-0BFE62919F7E}.Release|Any CPU.ActiveCfg = Release|Any CPU
		{DA60A133-9ACC-462B-ABC2-0BFE62919F7E}.Release|Any CPU.Build.0 = Release|Any CPU
		{B1868F92-DB2F-4395-84DB-B293D133EC27}.Debug|Any CPU.ActiveCfg = Debug|Any CPU
		{B1868F92-DB2F-4395-84DB-B293D133EC27}.Debug|Any CPU.Build.0 = Debug|Any CPU
		{B1868F92-DB2F-4395-84DB-B293D133EC27}.Release|Any CPU.ActiveCfg = Release|Any CPU
		{B1868F92-DB2F-4395-84DB-B293D133EC27}.Release|Any CPU.Build.0 = Release|Any CPU
		{FD076B58-F11A-4369-8319-72C1C9A78F23}.Debug|Any CPU.ActiveCfg = Debug|Any CPU
		{FD076B58-F11A-4369-8319-72C1C9A78F23}.Debug|Any CPU.Build.0 = Debug|Any CPU
		{FD076B58-F11A-4369-8319-72C1C9A78F23}.Release|Any CPU.ActiveCfg = Release|Any CPU
		{FD076B58-F11A-4369-8319-72C1C9A78F23}.Release|Any CPU.Build.0 = Release|Any CPU
	EndGlobalSection
	GlobalSection(SolutionProperties) = preSolution
		HideSolutionNode = FALSE
	EndGlobalSection
	GlobalSection(ExtensibilityGlobals) = postSolution
		SolutionGuid = {059637F4-0638-40D8-99C8-A6E985D0A97E}
	EndGlobalSection
EndGlobal
